
Microsoft Visual Studio Solution File, Format Version 12.00
# Visual Studio Version 16
VisualStudioVersion = 16.0.29411.108
MinimumVisualStudioVersion = 10.0.40219.1
Project("{FAE04EC0-301F-11D3-BF4B-00C04F79EFBC}") = "WebApplication5", "WebApplication5\WebApplication5.csproj", "{A6EFA62E-6015-4884-B567-4C11DE2BA110}"
EndProject
Global
	GlobalSection(SolutionConfigurationPlatforms) = preSolution
		Debug|Any CPU = Debug|Any CPU
		Release|Any CPU = Release|Any CPU
	EndGlobalSection
	GlobalSection(ProjectConfigurationPlatforms) = postSolution
		{A6EFA62E-6015-4884-B567-4C11DE2BA110}.Debug|Any CPU.ActiveCfg = Debug|Any CPU
		{A6EFA62E-6015-4884-B567-4C11DE2BA110}.Debug|Any CPU.Build.0 = Debug|Any CPU
		{A6EFA62E-6015-4884-B567-4C11DE2BA110}.Release|Any CPU.ActiveCfg = Release|Any CPU
		{A6EFA62E-6015-4884-B567-4C11DE2BA110}.Release|Any CPU.Build.0 = Release|Any CPU
	EndGlobalSection
	GlobalSection(SolutionProperties) = preSolution
		HideSolutionNode = FALSE
	EndGlobalSection
	GlobalSection(ExtensibilityGlobals) = postSolution
		SolutionGuid = {A778D4DF-32E4-43A1-9F2A-DF1B244FEE0F}
	EndGlobalSection
EndGlobal
